
Microsoft Visual Studio Solution File, Format Version 12.00
# Visual Studio Version 17
VisualStudioVersion = 17.10.35013.160
MinimumVisualStudioVersion = 10.0.40219.1
Project("{FAE04EC0-301F-11D3-BF4B-00C04F79EFBC}") = "WpfApp1", "WpfApp1.csproj", "{B1649865-DD3C-4B1D-86DC-721AE6F4794F}"
EndProject
Global
	GlobalSection(SolutionConfigurationPlatforms) = preSolution
		Debug|Any CPU = Debug|Any CPU
		Release|Any CPU = Release|Any CPU
	EndGlobalSection
	GlobalSection(ProjectConfigurationPlatforms) = postSolution
		{B1649865-DD3C-4B1D-86DC-721AE6F4794F}.Debug|Any CPU.ActiveCfg = Debug|Any CPU
		{B1649865-DD3C-4B1D-86DC-721AE6F4794F}.Debug|Any CPU.Build.0 = Debug|Any CPU
		{B1649865-DD3C-4B1D-86DC-721AE6F4794F}.Release|Any CPU.ActiveCfg = Release|Any CPU
		{B1649865-DD3C-4B1D-86DC-721AE6F4794F}.Release|Any CPU.Build.0 = Release|Any CPU
	EndGlobalSection
	GlobalSection(SolutionProperties) = preSolution
		HideSolutionNode = FALSE
	EndGlobalSection
	GlobalSection(ExtensibilityGlobals) = postSolution
		SolutionGuid = {769C06AA-C713-464E-AF43-7E9621F49C86}
	EndGlobalSection
EndGlobal
